// !$*UTF8*$!
{
	archiveVersion = 1;
	classes = {
	};
	objectVersion = 46;
	objects = {

/* Begin PBXBuildFile section */
		972D3F2514DB08C400AAFBA9 /* Foundation.framework in Frameworks */ = {isa = PBXBuildFile; fileRef = 972D3F2414DB08C400AAFBA9 /* Foundation.framework */; };
		972D3F3314DB08C400AAFBA9 /* SenTestingKit.framework in Frameworks */ = {isa = PBXBuildFile; fileRef = 972D3F3214DB08C400AAFBA9 /* SenTestingKit.framework */; };
		972D3F3614DB08C400AAFBA9 /* Foundation.framework in Frameworks */ = {isa = PBXBuildFile; fileRef = 972D3F2414DB08C400AAFBA9 /* Foundation.framework */; };
		972D3F3914DB08C400AAFBA9 /* libFrank.a in Frameworks */ = {isa = PBXBuildFile; fileRef = 972D3F2114DB08C400AAFBA9 /* libFrank.a */; };
		972D3F3F14DB08C400AAFBA9 /* InfoPlist.strings in Resources */ = {isa = PBXBuildFile; fileRef = 972D3F3D14DB08C400AAFBA9 /* InfoPlist.strings */; };
		972D3F4214DB08C400AAFBA9 /* FrankTests.m in Sources */ = {isa = PBXBuildFile; fileRef = 972D3F4114DB08C400AAFBA9 /* FrankTests.m */; };
		972D3F6E14DB096900AAFBA9 /* AsyncSocket.h in Headers */ = {isa = PBXBuildFile; fileRef = 972D3F4E14DB096900AAFBA9 /* AsyncSocket.h */; };
		972D3F6F14DB096900AAFBA9 /* AsyncSocket.m in Sources */ = {isa = PBXBuildFile; fileRef = 972D3F4F14DB096900AAFBA9 /* AsyncSocket.m */; };
		972D3F7014DB096900AAFBA9 /* DDData.h in Headers */ = {isa = PBXBuildFile; fileRef = 972D3F5014DB096900AAFBA9 /* DDData.h */; };
		972D3F7114DB096900AAFBA9 /* DDData.m in Sources */ = {isa = PBXBuildFile; fileRef = 972D3F5114DB096900AAFBA9 /* DDData.m */; };
		972D3F7214DB096900AAFBA9 /* DDNumber.h in Headers */ = {isa = PBXBuildFile; fileRef = 972D3F5214DB096900AAFBA9 /* DDNumber.h */; };
		972D3F7314DB096900AAFBA9 /* DDNumber.m in Sources */ = {isa = PBXBuildFile; fileRef = 972D3F5314DB096900AAFBA9 /* DDNumber.m */; };
		972D3F7414DB096900AAFBA9 /* DDRange.h in Headers */ = {isa = PBXBuildFile; fileRef = 972D3F5414DB096900AAFBA9 /* DDRange.h */; };
		972D3F7514DB096900AAFBA9 /* DDRange.m in Sources */ = {isa = PBXBuildFile; fileRef = 972D3F5514DB096900AAFBA9 /* DDRange.m */; };
		972D3F7614DB096900AAFBA9 /* HTTPAuthenticationRequest.h in Headers */ = {isa = PBXBuildFile; fileRef = 972D3F5614DB096900AAFBA9 /* HTTPAuthenticationRequest.h */; };
		972D3F7714DB096900AAFBA9 /* HTTPAuthenticationRequest.m in Sources */ = {isa = PBXBuildFile; fileRef = 972D3F5714DB096900AAFBA9 /* HTTPAuthenticationRequest.m */; };
		972D3F7814DB096900AAFBA9 /* HTTPConnection.h in Headers */ = {isa = PBXBuildFile; fileRef = 972D3F5814DB096900AAFBA9 /* HTTPConnection.h */; };
		972D3F7914DB096900AAFBA9 /* HTTPConnection.m in Sources */ = {isa = PBXBuildFile; fileRef = 972D3F5914DB096900AAFBA9 /* HTTPConnection.m */; };
		972D3F7A14DB096900AAFBA9 /* HTTPResponse.h in Headers */ = {isa = PBXBuildFile; fileRef = 972D3F5A14DB096900AAFBA9 /* HTTPResponse.h */; };
		972D3F7B14DB096900AAFBA9 /* HTTPResponse.m in Sources */ = {isa = PBXBuildFile; fileRef = 972D3F5B14DB096900AAFBA9 /* HTTPResponse.m */; };
		972D3F7C14DB096900AAFBA9 /* HTTPServer.h in Headers */ = {isa = PBXBuildFile; fileRef = 972D3F5C14DB096900AAFBA9 /* HTTPServer.h */; };
		972D3F7D14DB096900AAFBA9 /* HTTPServer.m in Sources */ = {isa = PBXBuildFile; fileRef = 972D3F5D14DB096900AAFBA9 /* HTTPServer.m */; };
		972D3F7E14DB096900AAFBA9 /* MyHTTPConnection.h in Headers */ = {isa = PBXBuildFile; fileRef = 972D3F5E14DB096900AAFBA9 /* MyHTTPConnection.h */; };
		972D3F7F14DB096900AAFBA9 /* MyHTTPConnection.m in Sources */ = {isa = PBXBuildFile; fileRef = 972D3F5F14DB096900AAFBA9 /* MyHTTPConnection.m */; };
		972D3F8014DB096900AAFBA9 /* JSON.h in Headers */ = {isa = PBXBuildFile; fileRef = 972D3F6114DB096900AAFBA9 /* JSON.h */; };
		972D3F8114DB096900AAFBA9 /* NSObject+SBJSON.h in Headers */ = {isa = PBXBuildFile; fileRef = 972D3F6214DB096900AAFBA9 /* NSObject+SBJSON.h */; };
		972D3F8214DB096900AAFBA9 /* NSObject+SBJSON.m in Sources */ = {isa = PBXBuildFile; fileRef = 972D3F6314DB096900AAFBA9 /* NSObject+SBJSON.m */; };
		972D3F8314DB096900AAFBA9 /* NSString+SBJSON.h in Headers */ = {isa = PBXBuildFile; fileRef = 972D3F6414DB096900AAFBA9 /* NSString+SBJSON.h */; };
		972D3F8414DB096900AAFBA9 /* NSString+SBJSON.m in Sources */ = {isa = PBXBuildFile; fileRef = 972D3F6514DB096900AAFBA9 /* NSString+SBJSON.m */; };
		972D3F8514DB096900AAFBA9 /* SBJSON.h in Headers */ = {isa = PBXBuildFile; fileRef = 972D3F6614DB096900AAFBA9 /* SBJSON.h */; };
		972D3F8614DB096900AAFBA9 /* SBJSON.m in Sources */ = {isa = PBXBuildFile; fileRef = 972D3F6714DB096900AAFBA9 /* SBJSON.m */; };
		972D3F8714DB096900AAFBA9 /* SBJsonBase.h in Headers */ = {isa = PBXBuildFile; fileRef = 972D3F6814DB096900AAFBA9 /* SBJsonBase.h */; };
		972D3F8814DB096900AAFBA9 /* SBJsonBase.m in Sources */ = {isa = PBXBuildFile; fileRef = 972D3F6914DB096900AAFBA9 /* SBJsonBase.m */; };
		972D3F8914DB096900AAFBA9 /* SBJsonParser.h in Headers */ = {isa = PBXBuildFile; fileRef = 972D3F6A14DB096900AAFBA9 /* SBJsonParser.h */; };
		972D3F8A14DB096900AAFBA9 /* SBJsonParser.m in Sources */ = {isa = PBXBuildFile; fileRef = 972D3F6B14DB096900AAFBA9 /* SBJsonParser.m */; };
		972D3F8B14DB096900AAFBA9 /* SBJsonWriter.h in Headers */ = {isa = PBXBuildFile; fileRef = 972D3F6C14DB096900AAFBA9 /* SBJsonWriter.h */; };
		972D3F8C14DB096900AAFBA9 /* SBJsonWriter.m in Sources */ = {isa = PBXBuildFile; fileRef = 972D3F6D14DB096900AAFBA9 /* SBJsonWriter.m */; };
		972D3FC714DB09B700AAFBA9 /* DumpCommand.h in Headers */ = {isa = PBXBuildFile; fileRef = 972D3F8E14DB09B700AAFBA9 /* DumpCommand.h */; };
		972D3FC814DB09B700AAFBA9 /* DumpCommand.m in Sources */ = {isa = PBXBuildFile; fileRef = 972D3F8F14DB09B700AAFBA9 /* DumpCommand.m */; };
		972D3FC914DB09B700AAFBA9 /* FrankCommandRoute.h in Headers */ = {isa = PBXBuildFile; fileRef = 972D3F9014DB09B700AAFBA9 /* FrankCommandRoute.h */; };
		972D3FCA14DB09B700AAFBA9 /* FrankCommandRoute.m in Sources */ = {isa = PBXBuildFile; fileRef = 972D3F9114DB09B700AAFBA9 /* FrankCommandRoute.m */; };
		972D3FCB14DB09B700AAFBA9 /* FrankServer.h in Headers */ = {isa = PBXBuildFile; fileRef = 972D3F9214DB09B700AAFBA9 /* FrankServer.h */; };
		972D3FCC14DB09B700AAFBA9 /* FrankServer.m in Sources */ = {isa = PBXBuildFile; fileRef = 972D3F9314DB09B700AAFBA9 /* FrankServer.m */; };
		972D3FCD14DB09B700AAFBA9 /* RequestRouter.h in Headers */ = {isa = PBXBuildFile; fileRef = 972D3F9414DB09B700AAFBA9 /* RequestRouter.h */; };
		972D3FCE14DB09B700AAFBA9 /* RequestRouter.m in Sources */ = {isa = PBXBuildFile; fileRef = 972D3F9514DB09B700AAFBA9 /* RequestRouter.m */; };
		972D3FCF14DB09B700AAFBA9 /* RoutingHTTPConnection.h in Headers */ = {isa = PBXBuildFile; fileRef = 972D3F9614DB09B700AAFBA9 /* RoutingHTTPConnection.h */; };
		972D3FD014DB09B700AAFBA9 /* RoutingHTTPConnection.m in Sources */ = {isa = PBXBuildFile; fileRef = 972D3F9714DB09B700AAFBA9 /* RoutingHTTPConnection.m */; };
		972D3FD114DB09B700AAFBA9 /* MemoryWarningCommand.h in Headers */ = {isa = PBXBuildFile; fileRef = 972D3F9814DB09B700AAFBA9 /* MemoryWarningCommand.h */; };
		972D3FD214DB09B700AAFBA9 /* MemoryWarningCommand.m in Sources */ = {isa = PBXBuildFile; fileRef = 972D3F9914DB09B700AAFBA9 /* MemoryWarningCommand.m */; };
		972D3FD314DB09B700AAFBA9 /* StaticResourcesRoute.h in Headers */ = {isa = PBXBuildFile; fileRef = 972D3F9A14DB09B700AAFBA9 /* StaticResourcesRoute.h */; };
		972D3FD414DB09B700AAFBA9 /* StaticResourcesRoute.m in Sources */ = {isa = PBXBuildFile; fileRef = 972D3F9B14DB09B700AAFBA9 /* StaticResourcesRoute.m */; };
		972D3FD514DB09B700AAFBA9 /* TestCommand.h in Headers */ = {isa = PBXBuildFile; fileRef = 972D3F9C14DB09B700AAFBA9 /* TestCommand.h */; };
		972D3FD614DB09B700AAFBA9 /* TestCommand.m in Sources */ = {isa = PBXBuildFile; fileRef = 972D3F9D14DB09B700AAFBA9 /* TestCommand.m */; };
		972D3FD714DB09B700AAFBA9 /* RunScript.h in Headers */ = {isa = PBXBuildFile; fileRef = 972D3F9E14DB09B700AAFBA9 /* RunScript.h */; };
		972D3FD814DB09B700AAFBA9 /* RunScript.m in Sources */ = {isa = PBXBuildFile; fileRef = 972D3F9F14DB09B700AAFBA9 /* RunScript.m */; };
		972D3FD914DB09B700AAFBA9 /* FlashCommand.h in Headers */ = {isa = PBXBuildFile; fileRef = 972D3FA014DB09B700AAFBA9 /* FlashCommand.h */; };
		972D3FDA14DB09B700AAFBA9 /* FlashCommand.m in Sources */ = {isa = PBXBuildFile; fileRef = 972D3FA114DB09B700AAFBA9 /* FlashCommand.m */; };
		972D3FDB14DB09B700AAFBA9 /* TAFFilter.h in Headers */ = {isa = PBXBuildFile; fileRef = 972D3FA214DB09B700AAFBA9 /* TAFFilter.h */; };
		972D3FDC14DB09B700AAFBA9 /* TAFFilter.m in Sources */ = {isa = PBXBuildFile; fileRef = 972D3FA314DB09B700AAFBA9 /* TAFFilter.m */; };
		972D3FDD14DB09B700AAFBA9 /* TAFParser.h in Headers */ = {isa = PBXBuildFile; fileRef = 972D3FA414DB09B700AAFBA9 /* TAFParser.h */; };
		972D3FDE14DB09B700AAFBA9 /* TAFParser.m in Sources */ = {isa = PBXBuildFile; fileRef = 972D3FA514DB09B700AAFBA9 /* TAFParser.m */; };
		972D3FDF14DB09B700AAFBA9 /* CommandExecutor.h in Headers */ = {isa = PBXBuildFile; fileRef = 972D3FA614DB09B700AAFBA9 /* CommandExecutor.h */; };
		972D3FE014DB09B700AAFBA9 /* CommandExecutor.m in Sources */ = {isa = PBXBuildFile; fileRef = 972D3FA714DB09B700AAFBA9 /* CommandExecutor.m */; };
		972D3FE114DB09B700AAFBA9 /* SetElementValue.h in Headers */ = {isa = PBXBuildFile; fileRef = 972D3FA814DB09B700AAFBA9 /* SetElementValue.h */; };
		972D3FE214DB09B700AAFBA9 /* SetElementValue.m in Sources */ = {isa = PBXBuildFile; fileRef = 972D3FA914DB09B700AAFBA9 /* SetElementValue.m */; };
		972D3FE314DB09B700AAFBA9 /* Command.h in Headers */ = {isa = PBXBuildFile; fileRef = 972D3FAA14DB09B700AAFBA9 /* Command.h */; };
		972D3FE414DB09B700AAFBA9 /* Constants.h in Headers */ = {isa = PBXBuildFile; fileRef = 972D3FAB14DB09B700AAFBA9 /* Constants.h */; };
		972D3FE514DB09B700AAFBA9 /* Constants.m in Sources */ = {isa = PBXBuildFile; fileRef = 972D3FAC14DB09B700AAFBA9 /* Constants.m */; };
		972D3FE614DB09B700AAFBA9 /* GetElementValue.m in Sources */ = {isa = PBXBuildFile; fileRef = 972D3FAD14DB09B700AAFBA9 /* GetElementValue.m */; };
		972D3FE714DB09B700AAFBA9 /* GetElementValue.h in Headers */ = {isa = PBXBuildFile; fileRef = 972D3FAE14DB09B700AAFBA9 /* GetElementValue.h */; };
		972D3FE814DB09B700AAFBA9 /* DoAction.h in Headers */ = {isa = PBXBuildFile; fileRef = 972D3FAF14DB09B700AAFBA9 /* DoAction.h */; };
		972D3FE914DB09B700AAFBA9 /* DoAction.m in Sources */ = {isa = PBXBuildFile; fileRef = 972D3FB014DB09B700AAFBA9 /* DoAction.m */; };
		972D3FEA14DB09B700AAFBA9 /* UIElement.m in Sources */ = {isa = PBXBuildFile; fileRef = 972D3FB114DB09B700AAFBA9 /* UIElement.m */; };
		972D3FEB14DB09B700AAFBA9 /* UIServiceAssistant.h in Headers */ = {isa = PBXBuildFile; fileRef = 972D3FB214DB09B700AAFBA9 /* UIServiceAssistant.h */; };
		972D3FEC14DB09B700AAFBA9 /* UIServiceAssistant.m in Sources */ = {isa = PBXBuildFile; fileRef = 972D3FB314DB09B700AAFBA9 /* UIServiceAssistant.m */; };
		972D3FED14DB09B700AAFBA9 /* TAFUIEngine.h in Headers */ = {isa = PBXBuildFile; fileRef = 972D3FB414DB09B700AAFBA9 /* TAFUIEngine.h */; };
		972D3FEE14DB09B700AAFBA9 /* TAFUIEngine.m in Sources */ = {isa = PBXBuildFile; fileRef = 972D3FB514DB09B700AAFBA9 /* TAFUIEngine.m */; };
		972D3FEF14DB09B700AAFBA9 /* UIElement.h in Headers */ = {isa = PBXBuildFile; fileRef = 972D3FB614DB09B700AAFBA9 /* UIElement.h */; };
		972D3FF014DB09B700AAFBA9 /* UIXPath.h in Headers */ = {isa = PBXBuildFile; fileRef = 972D3FB714DB09B700AAFBA9 /* UIXPath.h */; };
		972D3FF114DB09B700AAFBA9 /* UIXPath.m in Sources */ = {isa = PBXBuildFile; fileRef = 972D3FB814DB09B700AAFBA9 /* UIXPath.m */; };
		972D3FF214DB09B700AAFBA9 /* UITree.h in Headers */ = {isa = PBXBuildFile; fileRef = 972D3FB914DB09B700AAFBA9 /* UITree.h */; };
		972D3FF314DB09B700AAFBA9 /* UITree.m in Sources */ = {isa = PBXBuildFile; fileRef = 972D3FBA14DB09B700AAFBA9 /* UITree.m */; };
		972D3FF414DB09B700AAFBA9 /* SFLogger.h in Headers */ = {isa = PBXBuildFile; fileRef = 972D3FBB14DB09B700AAFBA9 /* SFLogger.h */; };
		972D3FF514DB09B700AAFBA9 /* SFLogger.m in Sources */ = {isa = PBXBuildFile; fileRef = 972D3FBC14DB09B700AAFBA9 /* SFLogger.m */; };
		972D3FF614DB09B700AAFBA9 /* TakeScreenshot.h in Headers */ = {isa = PBXBuildFile; fileRef = 972D3FBD14DB09B700AAFBA9 /* TakeScreenshot.h */; };
		972D3FF714DB09B700AAFBA9 /* TakeScreenshot.m in Sources */ = {isa = PBXBuildFile; fileRef = 972D3FBE14DB09B700AAFBA9 /* TakeScreenshot.m */; };
		972D3FF814DB09B700AAFBA9 /* DescribeCommand.h in Headers */ = {isa = PBXBuildFile; fileRef = 972D3FBF14DB09B700AAFBA9 /* DescribeCommand.h */; };
		972D3FF914DB09B700AAFBA9 /* DescribeCommand.m in Sources */ = {isa = PBXBuildFile; fileRef = 972D3FC014DB09B700AAFBA9 /* DescribeCommand.m */; };
		972D3FFA14DB09B700AAFBA9 /* GetElement.h in Headers */ = {isa = PBXBuildFile; fileRef = 972D3FC114DB09B700AAFBA9 /* GetElement.h */; };
		972D3FFB14DB09B700AAFBA9 /* GetElement.m in Sources */ = {isa = PBXBuildFile; fileRef = 972D3FC214DB09B700AAFBA9 /* GetElement.m */; };
		972D3FFC14DB09B700AAFBA9 /* TAFValidator.h in Headers */ = {isa = PBXBuildFile; fileRef = 972D3FC314DB09B700AAFBA9 /* TAFValidator.h */; };
		972D3FFD14DB09B700AAFBA9 /* TAFValidator.m in Sources */ = {isa = PBXBuildFile; fileRef = 972D3FC414DB09B700AAFBA9 /* TAFValidator.m */; };
		972D3FFE14DB09B700AAFBA9 /* PingServer.h in Headers */ = {isa = PBXBuildFile; fileRef = 972D3FC514DB09B700AAFBA9 /* PingServer.h */; };
		972D3FFF14DB09B700AAFBA9 /* PingServer.m in Sources */ = {isa = PBXBuildFile; fileRef = 972D3FC614DB09B700AAFBA9 /* PingServer.m */; };
		972D400114DB0B2300AAFBA9 /* UIKit.framework in Frameworks */ = {isa = PBXBuildFile; fileRef = 972D400014DB0B2300AAFBA9 /* UIKit.framework */; };
/* End PBXBuildFile section */

/* Begin PBXContainerItemProxy section */
		972D3F3714DB08C400AAFBA9 /* PBXContainerItemProxy */ = {
			isa = PBXContainerItemProxy;
			containerPortal = 972D3F1614DB077A00AAFBA9 /* Project object */;
			proxyType = 1;
			remoteGlobalIDString = 972D3F2014DB08C400AAFBA9;
			remoteInfo = Frank;
		};
/* End PBXContainerItemProxy section */

/* Begin PBXFileReference section */
		972D3F2114DB08C400AAFBA9 /* libFrank.a */ = {isa = PBXFileReference; explicitFileType = archive.ar; includeInIndex = 0; path = libFrank.a; sourceTree = BUILT_PRODUCTS_DIR; };
		972D3F2414DB08C400AAFBA9 /* Foundation.framework */ = {isa = PBXFileReference; lastKnownFileType = wrapper.framework; name = Foundation.framework; path = System/Library/Frameworks/Foundation.framework; sourceTree = SDKROOT; };
		972D3F2814DB08C400AAFBA9 /* Frank-Prefix.pch */ = {isa = PBXFileReference; lastKnownFileType = sourcecode.c.h; path = "Frank-Prefix.pch"; sourceTree = "<group>"; };
		972D3F3114DB08C400AAFBA9 /* FrankTests.octest */ = {isa = PBXFileReference; explicitFileType = wrapper.cfbundle; includeInIndex = 0; path = FrankTests.octest; sourceTree = BUILT_PRODUCTS_DIR; };
		972D3F3214DB08C400AAFBA9 /* SenTestingKit.framework */ = {isa = PBXFileReference; lastKnownFileType = wrapper.framework; name = SenTestingKit.framework; path = Library/Frameworks/SenTestingKit.framework; sourceTree = DEVELOPER_DIR; };
		972D3F3C14DB08C400AAFBA9 /* FrankTests-Info.plist */ = {isa = PBXFileReference; lastKnownFileType = text.plist.xml; path = "FrankTests-Info.plist"; sourceTree = "<group>"; };
		972D3F3E14DB08C400AAFBA9 /* en */ = {isa = PBXFileReference; lastKnownFileType = text.plist.strings; name = en; path = en.lproj/InfoPlist.strings; sourceTree = "<group>"; };
		972D3F4014DB08C400AAFBA9 /* FrankTests.h */ = {isa = PBXFileReference; lastKnownFileType = sourcecode.c.h; path = FrankTests.h; sourceTree = "<group>"; };
		972D3F4114DB08C400AAFBA9 /* FrankTests.m */ = {isa = PBXFileReference; lastKnownFileType = sourcecode.c.objc; path = FrankTests.m; sourceTree = "<group>"; };
		972D3F4E14DB096900AAFBA9 /* AsyncSocket.h */ = {isa = PBXFileReference; fileEncoding = 4; lastKnownFileType = sourcecode.c.h; path = AsyncSocket.h; sourceTree = "<group>"; };
		972D3F4F14DB096900AAFBA9 /* AsyncSocket.m */ = {isa = PBXFileReference; fileEncoding = 4; lastKnownFileType = sourcecode.c.objc; path = AsyncSocket.m; sourceTree = "<group>"; };
		972D3F5014DB096900AAFBA9 /* DDData.h */ = {isa = PBXFileReference; fileEncoding = 4; lastKnownFileType = sourcecode.c.h; path = DDData.h; sourceTree = "<group>"; };
		972D3F5114DB096900AAFBA9 /* DDData.m */ = {isa = PBXFileReference; fileEncoding = 4; lastKnownFileType = sourcecode.c.objc; path = DDData.m; sourceTree = "<group>"; };
		972D3F5214DB096900AAFBA9 /* DDNumber.h */ = {isa = PBXFileReference; fileEncoding = 4; lastKnownFileType = sourcecode.c.h; path = DDNumber.h; sourceTree = "<group>"; };
		972D3F5314DB096900AAFBA9 /* DDNumber.m */ = {isa = PBXFileReference; fileEncoding = 4; lastKnownFileType = sourcecode.c.objc; path = DDNumber.m; sourceTree = "<group>"; };
		972D3F5414DB096900AAFBA9 /* DDRange.h */ = {isa = PBXFileReference; fileEncoding = 4; lastKnownFileType = sourcecode.c.h; path = DDRange.h; sourceTree = "<group>"; };
		972D3F5514DB096900AAFBA9 /* DDRange.m */ = {isa = PBXFileReference; fileEncoding = 4; lastKnownFileType = sourcecode.c.objc; path = DDRange.m; sourceTree = "<group>"; };
		972D3F5614DB096900AAFBA9 /* HTTPAuthenticationRequest.h */ = {isa = PBXFileReference; fileEncoding = 4; lastKnownFileType = sourcecode.c.h; path = HTTPAuthenticationRequest.h; sourceTree = "<group>"; };
		972D3F5714DB096900AAFBA9 /* HTTPAuthenticationRequest.m */ = {isa = PBXFileReference; fileEncoding = 4; lastKnownFileType = sourcecode.c.objc; path = HTTPAuthenticationRequest.m; sourceTree = "<group>"; };
		972D3F5814DB096900AAFBA9 /* HTTPConnection.h */ = {isa = PBXFileReference; fileEncoding = 4; lastKnownFileType = sourcecode.c.h; path = HTTPConnection.h; sourceTree = "<group>"; };
		972D3F5914DB096900AAFBA9 /* HTTPConnection.m */ = {isa = PBXFileReference; fileEncoding = 4; lastKnownFileType = sourcecode.c.objc; path = HTTPConnection.m; sourceTree = "<group>"; };
		972D3F5A14DB096900AAFBA9 /* HTTPResponse.h */ = {isa = PBXFileReference; fileEncoding = 4; lastKnownFileType = sourcecode.c.h; path = HTTPResponse.h; sourceTree = "<group>"; };
		972D3F5B14DB096900AAFBA9 /* HTTPResponse.m */ = {isa = PBXFileReference; fileEncoding = 4; lastKnownFileType = sourcecode.c.objc; path = HTTPResponse.m; sourceTree = "<group>"; };
		972D3F5C14DB096900AAFBA9 /* HTTPServer.h */ = {isa = PBXFileReference; fileEncoding = 4; lastKnownFileType = sourcecode.c.h; path = HTTPServer.h; sourceTree = "<group>"; };
		972D3F5D14DB096900AAFBA9 /* HTTPServer.m */ = {isa = PBXFileReference; fileEncoding = 4; lastKnownFileType = sourcecode.c.objc; path = HTTPServer.m; sourceTree = "<group>"; };
		972D3F5E14DB096900AAFBA9 /* MyHTTPConnection.h */ = {isa = PBXFileReference; fileEncoding = 4; lastKnownFileType = sourcecode.c.h; path = MyHTTPConnection.h; sourceTree = "<group>"; };
		972D3F5F14DB096900AAFBA9 /* MyHTTPConnection.m */ = {isa = PBXFileReference; fileEncoding = 4; lastKnownFileType = sourcecode.c.objc; path = MyHTTPConnection.m; sourceTree = "<group>"; };
		972D3F6114DB096900AAFBA9 /* JSON.h */ = {isa = PBXFileReference; fileEncoding = 4; lastKnownFileType = sourcecode.c.h; path = JSON.h; sourceTree = "<group>"; };
		972D3F6214DB096900AAFBA9 /* NSObject+SBJSON.h */ = {isa = PBXFileReference; fileEncoding = 4; lastKnownFileType = sourcecode.c.h; path = "NSObject+SBJSON.h"; sourceTree = "<group>"; };
		972D3F6314DB096900AAFBA9 /* NSObject+SBJSON.m */ = {isa = PBXFileReference; fileEncoding = 4; lastKnownFileType = sourcecode.c.objc; path = "NSObject+SBJSON.m"; sourceTree = "<group>"; };
		972D3F6414DB096900AAFBA9 /* NSString+SBJSON.h */ = {isa = PBXFileReference; fileEncoding = 4; lastKnownFileType = sourcecode.c.h; path = "NSString+SBJSON.h"; sourceTree = "<group>"; };
		972D3F6514DB096900AAFBA9 /* NSString+SBJSON.m */ = {isa = PBXFileReference; fileEncoding = 4; lastKnownFileType = sourcecode.c.objc; path = "NSString+SBJSON.m"; sourceTree = "<group>"; };
		972D3F6614DB096900AAFBA9 /* SBJSON.h */ = {isa = PBXFileReference; fileEncoding = 4; lastKnownFileType = sourcecode.c.h; path = SBJSON.h; sourceTree = "<group>"; };
		972D3F6714DB096900AAFBA9 /* SBJSON.m */ = {isa = PBXFileReference; fileEncoding = 4; lastKnownFileType = sourcecode.c.objc; path = SBJSON.m; sourceTree = "<group>"; };
		972D3F6814DB096900AAFBA9 /* SBJsonBase.h */ = {isa = PBXFileReference; fileEncoding = 4; lastKnownFileType = sourcecode.c.h; path = SBJsonBase.h; sourceTree = "<group>"; };
		972D3F6914DB096900AAFBA9 /* SBJsonBase.m */ = {isa = PBXFileReference; fileEncoding = 4; lastKnownFileType = sourcecode.c.objc; path = SBJsonBase.m; sourceTree = "<group>"; };
		972D3F6A14DB096900AAFBA9 /* SBJsonParser.h */ = {isa = PBXFileReference; fileEncoding = 4; lastKnownFileType = sourcecode.c.h; path = SBJsonParser.h; sourceTree = "<group>"; };
		972D3F6B14DB096900AAFBA9 /* SBJsonParser.m */ = {isa = PBXFileReference; fileEncoding = 4; lastKnownFileType = sourcecode.c.objc; path = SBJsonParser.m; sourceTree = "<group>"; };
		972D3F6C14DB096900AAFBA9 /* SBJsonWriter.h */ = {isa = PBXFileReference; fileEncoding = 4; lastKnownFileType = sourcecode.c.h; path = SBJsonWriter.h; sourceTree = "<group>"; };
		972D3F6D14DB096900AAFBA9 /* SBJsonWriter.m */ = {isa = PBXFileReference; fileEncoding = 4; lastKnownFileType = sourcecode.c.objc; path = SBJsonWriter.m; sourceTree = "<group>"; };
		972D3F8E14DB09B700AAFBA9 /* DumpCommand.h */ = {isa = PBXFileReference; fileEncoding = 4; lastKnownFileType = sourcecode.c.h; path = DumpCommand.h; sourceTree = "<group>"; };
		972D3F8F14DB09B700AAFBA9 /* DumpCommand.m */ = {isa = PBXFileReference; fileEncoding = 4; lastKnownFileType = sourcecode.c.objc; path = DumpCommand.m; sourceTree = "<group>"; };
		972D3F9014DB09B700AAFBA9 /* FrankCommandRoute.h */ = {isa = PBXFileReference; fileEncoding = 4; lastKnownFileType = sourcecode.c.h; path = FrankCommandRoute.h; sourceTree = "<group>"; };
		972D3F9114DB09B700AAFBA9 /* FrankCommandRoute.m */ = {isa = PBXFileReference; fileEncoding = 4; lastKnownFileType = sourcecode.c.objc; path = FrankCommandRoute.m; sourceTree = "<group>"; };
		972D3F9214DB09B700AAFBA9 /* FrankServer.h */ = {isa = PBXFileReference; fileEncoding = 4; lastKnownFileType = sourcecode.c.h; path = FrankServer.h; sourceTree = "<group>"; };
		972D3F9314DB09B700AAFBA9 /* FrankServer.m */ = {isa = PBXFileReference; fileEncoding = 4; lastKnownFileType = sourcecode.c.objc; path = FrankServer.m; sourceTree = "<group>"; };
		972D3F9414DB09B700AAFBA9 /* RequestRouter.h */ = {isa = PBXFileReference; fileEncoding = 4; lastKnownFileType = sourcecode.c.h; path = RequestRouter.h; sourceTree = "<group>"; };
		972D3F9514DB09B700AAFBA9 /* RequestRouter.m */ = {isa = PBXFileReference; fileEncoding = 4; lastKnownFileType = sourcecode.c.objc; path = RequestRouter.m; sourceTree = "<group>"; };
		972D3F9614DB09B700AAFBA9 /* RoutingHTTPConnection.h */ = {isa = PBXFileReference; fileEncoding = 4; lastKnownFileType = sourcecode.c.h; path = RoutingHTTPConnection.h; sourceTree = "<group>"; };
		972D3F9714DB09B700AAFBA9 /* RoutingHTTPConnection.m */ = {isa = PBXFileReference; fileEncoding = 4; lastKnownFileType = sourcecode.c.objc; path = RoutingHTTPConnection.m; sourceTree = "<group>"; };
		972D3F9814DB09B700AAFBA9 /* MemoryWarningCommand.h */ = {isa = PBXFileReference; fileEncoding = 4; lastKnownFileType = sourcecode.c.h; path = MemoryWarningCommand.h; sourceTree = "<group>"; };
		972D3F9914DB09B700AAFBA9 /* MemoryWarningCommand.m */ = {isa = PBXFileReference; fileEncoding = 4; lastKnownFileType = sourcecode.c.objc; path = MemoryWarningCommand.m; sourceTree = "<group>"; };
		972D3F9A14DB09B700AAFBA9 /* StaticResourcesRoute.h */ = {isa = PBXFileReference; fileEncoding = 4; lastKnownFileType = sourcecode.c.h; path = StaticResourcesRoute.h; sourceTree = "<group>"; };
		972D3F9B14DB09B700AAFBA9 /* StaticResourcesRoute.m */ = {isa = PBXFileReference; fileEncoding = 4; lastKnownFileType = sourcecode.c.objc; path = StaticResourcesRoute.m; sourceTree = "<group>"; };
		972D3F9C14DB09B700AAFBA9 /* TestCommand.h */ = {isa = PBXFileReference; fileEncoding = 4; lastKnownFileType = sourcecode.c.h; path = TestCommand.h; sourceTree = "<group>"; };
		972D3F9D14DB09B700AAFBA9 /* TestCommand.m */ = {isa = PBXFileReference; fileEncoding = 4; lastKnownFileType = sourcecode.c.objc; path = TestCommand.m; sourceTree = "<group>"; };
		972D3F9E14DB09B700AAFBA9 /* RunScript.h */ = {isa = PBXFileReference; fileEncoding = 4; lastKnownFileType = sourcecode.c.h; path = RunScript.h; sourceTree = "<group>"; };
		972D3F9F14DB09B700AAFBA9 /* RunScript.m */ = {isa = PBXFileReference; fileEncoding = 4; lastKnownFileType = sourcecode.c.objc; path = RunScript.m; sourceTree = "<group>"; };
		972D3FA014DB09B700AAFBA9 /* FlashCommand.h */ = {isa = PBXFileReference; fileEncoding = 4; lastKnownFileType = sourcecode.c.h; path = FlashCommand.h; sourceTree = "<group>"; };
		972D3FA114DB09B700AAFBA9 /* FlashCommand.m */ = {isa = PBXFileReference; fileEncoding = 4; lastKnownFileType = sourcecode.c.objc; path = FlashCommand.m; sourceTree = "<group>"; };
		972D3FA214DB09B700AAFBA9 /* TAFFilter.h */ = {isa = PBXFileReference; fileEncoding = 4; lastKnownFileType = sourcecode.c.h; path = TAFFilter.h; sourceTree = "<group>"; };
		972D3FA314DB09B700AAFBA9 /* TAFFilter.m */ = {isa = PBXFileReference; fileEncoding = 4; lastKnownFileType = sourcecode.c.objc; path = TAFFilter.m; sourceTree = "<group>"; };
		972D3FA414DB09B700AAFBA9 /* TAFParser.h */ = {isa = PBXFileReference; fileEncoding = 4; lastKnownFileType = sourcecode.c.h; path = TAFParser.h; sourceTree = "<group>"; };
		972D3FA514DB09B700AAFBA9 /* TAFParser.m */ = {isa = PBXFileReference; fileEncoding = 4; lastKnownFileType = sourcecode.c.objc; path = TAFParser.m; sourceTree = "<group>"; };
		972D3FA614DB09B700AAFBA9 /* CommandExecutor.h */ = {isa = PBXFileReference; fileEncoding = 4; lastKnownFileType = sourcecode.c.h; path = CommandExecutor.h; sourceTree = "<group>"; };
		972D3FA714DB09B700AAFBA9 /* CommandExecutor.m */ = {isa = PBXFileReference; fileEncoding = 4; lastKnownFileType = sourcecode.c.objc; path = CommandExecutor.m; sourceTree = "<group>"; };
		972D3FA814DB09B700AAFBA9 /* SetElementValue.h */ = {isa = PBXFileReference; fileEncoding = 4; lastKnownFileType = sourcecode.c.h; path = SetElementValue.h; sourceTree = "<group>"; };
		972D3FA914DB09B700AAFBA9 /* SetElementValue.m */ = {isa = PBXFileReference; fileEncoding = 4; lastKnownFileType = sourcecode.c.objc; path = SetElementValue.m; sourceTree = "<group>"; };
		972D3FAA14DB09B700AAFBA9 /* Command.h */ = {isa = PBXFileReference; fileEncoding = 4; lastKnownFileType = sourcecode.c.h; path = Command.h; sourceTree = "<group>"; };
		972D3FAB14DB09B700AAFBA9 /* Constants.h */ = {isa = PBXFileReference; fileEncoding = 4; lastKnownFileType = sourcecode.c.h; path = Constants.h; sourceTree = "<group>"; };
		972D3FAC14DB09B700AAFBA9 /* Constants.m */ = {isa = PBXFileReference; fileEncoding = 4; lastKnownFileType = sourcecode.c.objc; path = Constants.m; sourceTree = "<group>"; };
		972D3FAD14DB09B700AAFBA9 /* GetElementValue.m */ = {isa = PBXFileReference; fileEncoding = 4; lastKnownFileType = sourcecode.c.objc; path = GetElementValue.m; sourceTree = "<group>"; };
		972D3FAE14DB09B700AAFBA9 /* GetElementValue.h */ = {isa = PBXFileReference; fileEncoding = 4; lastKnownFileType = sourcecode.c.h; path = GetElementValue.h; sourceTree = "<group>"; };
		972D3FAF14DB09B700AAFBA9 /* DoAction.h */ = {isa = PBXFileReference; fileEncoding = 4; lastKnownFileType = sourcecode.c.h; path = DoAction.h; sourceTree = "<group>"; };
		972D3FB014DB09B700AAFBA9 /* DoAction.m */ = {isa = PBXFileReference; fileEncoding = 4; lastKnownFileType = sourcecode.c.objc; path = DoAction.m; sourceTree = "<group>"; };
		972D3FB114DB09B700AAFBA9 /* UIElement.m */ = {isa = PBXFileReference; fileEncoding = 4; lastKnownFileType = sourcecode.c.objc; path = UIElement.m; sourceTree = "<group>"; };
		972D3FB214DB09B700AAFBA9 /* UIServiceAssistant.h */ = {isa = PBXFileReference; fileEncoding = 4; lastKnownFileType = sourcecode.c.h; path = UIServiceAssistant.h; sourceTree = "<group>"; };
		972D3FB314DB09B700AAFBA9 /* UIServiceAssistant.m */ = {isa = PBXFileReference; fileEncoding = 4; lastKnownFileType = sourcecode.c.objc; path = UIServiceAssistant.m; sourceTree = "<group>"; };
		972D3FB414DB09B700AAFBA9 /* TAFUIEngine.h */ = {isa = PBXFileReference; fileEncoding = 4; lastKnownFileType = sourcecode.c.h; path = TAFUIEngine.h; sourceTree = "<group>"; };
		972D3FB514DB09B700AAFBA9 /* TAFUIEngine.m */ = {isa = PBXFileReference; fileEncoding = 4; lastKnownFileType = sourcecode.c.objc; path = TAFUIEngine.m; sourceTree = "<group>"; };
		972D3FB614DB09B700AAFBA9 /* UIElement.h */ = {isa = PBXFileReference; fileEncoding = 4; lastKnownFileType = sourcecode.c.h; path = UIElement.h; sourceTree = "<group>"; };
		972D3FB714DB09B700AAFBA9 /* UIXPath.h */ = {isa = PBXFileReference; fileEncoding = 4; lastKnownFileType = sourcecode.c.h; path = UIXPath.h; sourceTree = "<group>"; };
		972D3FB814DB09B700AAFBA9 /* UIXPath.m */ = {isa = PBXFileReference; fileEncoding = 4; lastKnownFileType = sourcecode.c.objc; path = UIXPath.m; sourceTree = "<group>"; };
		972D3FB914DB09B700AAFBA9 /* UITree.h */ = {isa = PBXFileReference; fileEncoding = 4; lastKnownFileType = sourcecode.c.h; path = UITree.h; sourceTree = "<group>"; };
		972D3FBA14DB09B700AAFBA9 /* UITree.m */ = {isa = PBXFileReference; fileEncoding = 4; lastKnownFileType = sourcecode.c.objc; path = UITree.m; sourceTree = "<group>"; };
		972D3FBB14DB09B700AAFBA9 /* SFLogger.h */ = {isa = PBXFileReference; fileEncoding = 4; lastKnownFileType = sourcecode.c.h; path = SFLogger.h; sourceTree = "<group>"; };
		972D3FBC14DB09B700AAFBA9 /* SFLogger.m */ = {isa = PBXFileReference; fileEncoding = 4; lastKnownFileType = sourcecode.c.objc; path = SFLogger.m; sourceTree = "<group>"; };
		972D3FBD14DB09B700AAFBA9 /* TakeScreenshot.h */ = {isa = PBXFileReference; fileEncoding = 4; lastKnownFileType = sourcecode.c.h; path = TakeScreenshot.h; sourceTree = "<group>"; };
		972D3FBE14DB09B700AAFBA9 /* TakeScreenshot.m */ = {isa = PBXFileReference; fileEncoding = 4; lastKnownFileType = sourcecode.c.objc; path = TakeScreenshot.m; sourceTree = "<group>"; };
		972D3FBF14DB09B700AAFBA9 /* DescribeCommand.h */ = {isa = PBXFileReference; fileEncoding = 4; lastKnownFileType = sourcecode.c.h; path = DescribeCommand.h; sourceTree = "<group>"; };
		972D3FC014DB09B700AAFBA9 /* DescribeCommand.m */ = {isa = PBXFileReference; fileEncoding = 4; lastKnownFileType = sourcecode.c.objc; path = DescribeCommand.m; sourceTree = "<group>"; };
		972D3FC114DB09B700AAFBA9 /* GetElement.h */ = {isa = PBXFileReference; fileEncoding = 4; lastKnownFileType = sourcecode.c.h; path = GetElement.h; sourceTree = "<group>"; };
		972D3FC214DB09B700AAFBA9 /* GetElement.m */ = {isa = PBXFileReference; fileEncoding = 4; lastKnownFileType = sourcecode.c.objc; path = GetElement.m; sourceTree = "<group>"; };
		972D3FC314DB09B700AAFBA9 /* TAFValidator.h */ = {isa = PBXFileReference; fileEncoding = 4; lastKnownFileType = sourcecode.c.h; path = TAFValidator.h; sourceTree = "<group>"; };
		972D3FC414DB09B700AAFBA9 /* TAFValidator.m */ = {isa = PBXFileReference; fileEncoding = 4; lastKnownFileType = sourcecode.c.objc; path = TAFValidator.m; sourceTree = "<group>"; };
		972D3FC514DB09B700AAFBA9 /* PingServer.h */ = {isa = PBXFileReference; fileEncoding = 4; lastKnownFileType = sourcecode.c.h; path = PingServer.h; sourceTree = "<group>"; };
		972D3FC614DB09B700AAFBA9 /* PingServer.m */ = {isa = PBXFileReference; fileEncoding = 4; lastKnownFileType = sourcecode.c.objc; path = PingServer.m; sourceTree = "<group>"; };
		972D400014DB0B2300AAFBA9 /* UIKit.framework */ = {isa = PBXFileReference; lastKnownFileType = wrapper.framework; name = UIKit.framework; path = Platforms/iPhoneOS.platform/Developer/SDKs/iPhoneOS5.0.sdk/System/Library/Frameworks/UIKit.framework; sourceTree = DEVELOPER_DIR; };
/* End PBXFileReference section */

/* Begin PBXFrameworksBuildPhase section */
		972D3F1E14DB08C400AAFBA9 /* Frameworks */ = {
			isa = PBXFrameworksBuildPhase;
			buildActionMask = 2147483647;
			files = (
				972D400114DB0B2300AAFBA9 /* UIKit.framework in Frameworks */,
				972D3F2514DB08C400AAFBA9 /* Foundation.framework in Frameworks */,
			);
			runOnlyForDeploymentPostprocessing = 0;
		};
		972D3F2D14DB08C400AAFBA9 /* Frameworks */ = {
			isa = PBXFrameworksBuildPhase;
			buildActionMask = 2147483647;
			files = (
				972D3F3314DB08C400AAFBA9 /* SenTestingKit.framework in Frameworks */,
				972D3F3614DB08C400AAFBA9 /* Foundation.framework in Frameworks */,
				972D3F3914DB08C400AAFBA9 /* libFrank.a in Frameworks */,
			);
			runOnlyForDeploymentPostprocessing = 0;
		};
/* End PBXFrameworksBuildPhase section */

/* Begin PBXGroup section */
		972D3F1414DB077A00AAFBA9 = {
			isa = PBXGroup;
			children = (
				972D3F2614DB08C400AAFBA9 /* Frank */,
				972D3F3A14DB08C400AAFBA9 /* FrankTests */,
				972D3F2314DB08C400AAFBA9 /* Frameworks */,
				972D3F2214DB08C400AAFBA9 /* Products */,
			);
			sourceTree = "<group>";
		};
		972D3F2214DB08C400AAFBA9 /* Products */ = {
			isa = PBXGroup;
			children = (
				972D3F2114DB08C400AAFBA9 /* libFrank.a */,
				972D3F3114DB08C400AAFBA9 /* FrankTests.octest */,
			);
			name = Products;
			sourceTree = "<group>";
		};
		972D3F2314DB08C400AAFBA9 /* Frameworks */ = {
			isa = PBXGroup;
			children = (
				972D400014DB0B2300AAFBA9 /* UIKit.framework */,
				972D3F2414DB08C400AAFBA9 /* Foundation.framework */,
				972D3F3214DB08C400AAFBA9 /* SenTestingKit.framework */,
			);
			name = Frameworks;
			sourceTree = "<group>";
		};
		972D3F2614DB08C400AAFBA9 /* Frank */ = {
			isa = PBXGroup;
			children = (
				972D3F8D14DB097000AAFBA9 /* src */,
				972D3F4914DB08EE00AAFBA9 /* 3d_Party */,
				972D3F9214DB09B700AAFBA9 /* FrankServer.h */,
				972D3F9314DB09B700AAFBA9 /* FrankServer.m */,
				972D3F2714DB08C400AAFBA9 /* Supporting Files */,
			);
			path = Frank;
			sourceTree = "<group>";
		};
		972D3F2714DB08C400AAFBA9 /* Supporting Files */ = {
			isa = PBXGroup;
			children = (
				972D3F2814DB08C400AAFBA9 /* Frank-Prefix.pch */,
			);
			name = "Supporting Files";
			sourceTree = "<group>";
		};
		972D3F3A14DB08C400AAFBA9 /* FrankTests */ = {
			isa = PBXGroup;
			children = (
				972D3F4014DB08C400AAFBA9 /* FrankTests.h */,
				972D3F4114DB08C400AAFBA9 /* FrankTests.m */,
				972D3F3B14DB08C400AAFBA9 /* Supporting Files */,
			);
			path = FrankTests;
			sourceTree = "<group>";
		};
		972D3F3B14DB08C400AAFBA9 /* Supporting Files */ = {
			isa = PBXGroup;
			children = (
				972D3F3C14DB08C400AAFBA9 /* FrankTests-Info.plist */,
				972D3F3D14DB08C400AAFBA9 /* InfoPlist.strings */,
			);
			name = "Supporting Files";
			sourceTree = "<group>";
		};
		972D3F4914DB08EE00AAFBA9 /* 3d_Party */ = {
			isa = PBXGroup;
			children = (
				972D3F4D14DB096900AAFBA9 /* cocoahttpserver */,
				972D3F6014DB096900AAFBA9 /* JSON */,
			);
			name = 3d_Party;
			sourceTree = "<group>";
		};
		972D3F4D14DB096900AAFBA9 /* cocoahttpserver */ = {
			isa = PBXGroup;
			children = (
				972D3F4E14DB096900AAFBA9 /* AsyncSocket.h */,
				972D3F4F14DB096900AAFBA9 /* AsyncSocket.m */,
				972D3F5014DB096900AAFBA9 /* DDData.h */,
				972D3F5114DB096900AAFBA9 /* DDData.m */,
				972D3F5214DB096900AAFBA9 /* DDNumber.h */,
				972D3F5314DB096900AAFBA9 /* DDNumber.m */,
				972D3F5414DB096900AAFBA9 /* DDRange.h */,
				972D3F5514DB096900AAFBA9 /* DDRange.m */,
				972D3F5614DB096900AAFBA9 /* HTTPAuthenticationRequest.h */,
				972D3F5714DB096900AAFBA9 /* HTTPAuthenticationRequest.m */,
				972D3F5814DB096900AAFBA9 /* HTTPConnection.h */,
				972D3F5914DB096900AAFBA9 /* HTTPConnection.m */,
				972D3F5A14DB096900AAFBA9 /* HTTPResponse.h */,
				972D3F5B14DB096900AAFBA9 /* HTTPResponse.m */,
				972D3F5C14DB096900AAFBA9 /* HTTPServer.h */,
				972D3F5D14DB096900AAFBA9 /* HTTPServer.m */,
				972D3F5E14DB096900AAFBA9 /* MyHTTPConnection.h */,
				972D3F5F14DB096900AAFBA9 /* MyHTTPConnection.m */,
			);
			path = cocoahttpserver;
			sourceTree = "<group>";
		};
		972D3F6014DB096900AAFBA9 /* JSON */ = {
			isa = PBXGroup;
			children = (
				972D3F6114DB096900AAFBA9 /* JSON.h */,
				972D3F6214DB096900AAFBA9 /* NSObject+SBJSON.h */,
				972D3F6314DB096900AAFBA9 /* NSObject+SBJSON.m */,
				972D3F6414DB096900AAFBA9 /* NSString+SBJSON.h */,
				972D3F6514DB096900AAFBA9 /* NSString+SBJSON.m */,
				972D3F6614DB096900AAFBA9 /* SBJSON.h */,
				972D3F6714DB096900AAFBA9 /* SBJSON.m */,
				972D3F6814DB096900AAFBA9 /* SBJsonBase.h */,
				972D3F6914DB096900AAFBA9 /* SBJsonBase.m */,
				972D3F6A14DB096900AAFBA9 /* SBJsonParser.h */,
				972D3F6B14DB096900AAFBA9 /* SBJsonParser.m */,
				972D3F6C14DB096900AAFBA9 /* SBJsonWriter.h */,
				972D3F6D14DB096900AAFBA9 /* SBJsonWriter.m */,
			);
			path = JSON;
			sourceTree = "<group>";
		};
		972D3F8D14DB097000AAFBA9 /* src */ = {
			isa = PBXGroup;
			children = (
				972D3F8E14DB09B700AAFBA9 /* DumpCommand.h */,
				972D3F8F14DB09B700AAFBA9 /* DumpCommand.m */,
				972D3F9014DB09B700AAFBA9 /* FrankCommandRoute.h */,
				972D3F9114DB09B700AAFBA9 /* FrankCommandRoute.m */,
				972D3F9414DB09B700AAFBA9 /* RequestRouter.h */,
				972D3F9514DB09B700AAFBA9 /* RequestRouter.m */,
				972D3F9614DB09B700AAFBA9 /* RoutingHTTPConnection.h */,
				972D3F9714DB09B700AAFBA9 /* RoutingHTTPConnection.m */,
				972D3F9814DB09B700AAFBA9 /* MemoryWarningCommand.h */,
				972D3F9914DB09B700AAFBA9 /* MemoryWarningCommand.m */,
				972D3F9A14DB09B700AAFBA9 /* StaticResourcesRoute.h */,
				972D3F9B14DB09B700AAFBA9 /* StaticResourcesRoute.m */,
				972D3F9C14DB09B700AAFBA9 /* TestCommand.h */,
				972D3F9D14DB09B700AAFBA9 /* TestCommand.m */,
				972D3F9E14DB09B700AAFBA9 /* RunScript.h */,
				972D3F9F14DB09B700AAFBA9 /* RunScript.m */,
				972D3FA014DB09B700AAFBA9 /* FlashCommand.h */,
				972D3FA114DB09B700AAFBA9 /* FlashCommand.m */,
				972D3FA214DB09B700AAFBA9 /* TAFFilter.h */,
				972D3FA314DB09B700AAFBA9 /* TAFFilter.m */,
				972D3FA414DB09B700AAFBA9 /* TAFParser.h */,
				972D3FA514DB09B700AAFBA9 /* TAFParser.m */,
				972D3FA614DB09B700AAFBA9 /* CommandExecutor.h */,
				972D3FA714DB09B700AAFBA9 /* CommandExecutor.m */,
				972D3FA814DB09B700AAFBA9 /* SetElementValue.h */,
				972D3FA914DB09B700AAFBA9 /* SetElementValue.m */,
				972D3FAA14DB09B700AAFBA9 /* Command.h */,
				972D3FAB14DB09B700AAFBA9 /* Constants.h */,
				972D3FAC14DB09B700AAFBA9 /* Constants.m */,
				972D3FAD14DB09B700AAFBA9 /* GetElementValue.m */,
				972D3FAE14DB09B700AAFBA9 /* GetElementValue.h */,
				972D3FAF14DB09B700AAFBA9 /* DoAction.h */,
				972D3FB014DB09B700AAFBA9 /* DoAction.m */,
				972D3FB114DB09B700AAFBA9 /* UIElement.m */,
				972D3FB214DB09B700AAFBA9 /* UIServiceAssistant.h */,
				972D3FB314DB09B700AAFBA9 /* UIServiceAssistant.m */,
				972D3FB414DB09B700AAFBA9 /* TAFUIEngine.h */,
				972D3FB514DB09B700AAFBA9 /* TAFUIEngine.m */,
				972D3FB614DB09B700AAFBA9 /* UIElement.h */,
				972D3FB714DB09B700AAFBA9 /* UIXPath.h */,
				972D3FB814DB09B700AAFBA9 /* UIXPath.m */,
				972D3FB914DB09B700AAFBA9 /* UITree.h */,
				972D3FBA14DB09B700AAFBA9 /* UITree.m */,
				972D3FBB14DB09B700AAFBA9 /* SFLogger.h */,
				972D3FBC14DB09B700AAFBA9 /* SFLogger.m */,
				972D3FBD14DB09B700AAFBA9 /* TakeScreenshot.h */,
				972D3FBE14DB09B700AAFBA9 /* TakeScreenshot.m */,
				972D3FBF14DB09B700AAFBA9 /* DescribeCommand.h */,
				972D3FC014DB09B700AAFBA9 /* DescribeCommand.m */,
				972D3FC114DB09B700AAFBA9 /* GetElement.h */,
				972D3FC214DB09B700AAFBA9 /* GetElement.m */,
				972D3FC314DB09B700AAFBA9 /* TAFValidator.h */,
				972D3FC414DB09B700AAFBA9 /* TAFValidator.m */,
				972D3FC514DB09B700AAFBA9 /* PingServer.h */,
				972D3FC614DB09B700AAFBA9 /* PingServer.m */,
			);
			name = src;
			sourceTree = "<group>";
		};
/* End PBXGroup section */

/* Begin PBXHeadersBuildPhase section */
		972D3F1F14DB08C400AAFBA9 /* Headers */ = {
			isa = PBXHeadersBuildPhase;
			buildActionMask = 2147483647;
			files = (
				972D3F6E14DB096900AAFBA9 /* AsyncSocket.h in Headers */,
				972D3F7014DB096900AAFBA9 /* DDData.h in Headers */,
				972D3F7214DB096900AAFBA9 /* DDNumber.h in Headers */,
				972D3F7414DB096900AAFBA9 /* DDRange.h in Headers */,
				972D3F7614DB096900AAFBA9 /* HTTPAuthenticationRequest.h in Headers */,
				972D3F7814DB096900AAFBA9 /* HTTPConnection.h in Headers */,
				972D3F7A14DB096900AAFBA9 /* HTTPResponse.h in Headers */,
				972D3F7C14DB096900AAFBA9 /* HTTPServer.h in Headers */,
				972D3F7E14DB096900AAFBA9 /* MyHTTPConnection.h in Headers */,
				972D3F8014DB096900AAFBA9 /* JSON.h in Headers */,
				972D3F8114DB096900AAFBA9 /* NSObject+SBJSON.h in Headers */,
				972D3F8314DB096900AAFBA9 /* NSString+SBJSON.h in Headers */,
				972D3F8514DB096900AAFBA9 /* SBJSON.h in Headers */,
				972D3F8714DB096900AAFBA9 /* SBJsonBase.h in Headers */,
				972D3F8914DB096900AAFBA9 /* SBJsonParser.h in Headers */,
				972D3F8B14DB096900AAFBA9 /* SBJsonWriter.h in Headers */,
				972D3FC714DB09B700AAFBA9 /* DumpCommand.h in Headers */,
				972D3FC914DB09B700AAFBA9 /* FrankCommandRoute.h in Headers */,
				972D3FCB14DB09B700AAFBA9 /* FrankServer.h in Headers */,
				972D3FCD14DB09B700AAFBA9 /* RequestRouter.h in Headers */,
				972D3FCF14DB09B700AAFBA9 /* RoutingHTTPConnection.h in Headers */,
				972D3FD114DB09B700AAFBA9 /* MemoryWarningCommand.h in Headers */,
				972D3FD314DB09B700AAFBA9 /* StaticResourcesRoute.h in Headers */,
				972D3FD514DB09B700AAFBA9 /* TestCommand.h in Headers */,
				972D3FD714DB09B700AAFBA9 /* RunScript.h in Headers */,
				972D3FD914DB09B700AAFBA9 /* FlashCommand.h in Headers */,
				972D3FDB14DB09B700AAFBA9 /* TAFFilter.h in Headers */,
				972D3FDD14DB09B700AAFBA9 /* TAFParser.h in Headers */,
				972D3FDF14DB09B700AAFBA9 /* CommandExecutor.h in Headers */,
				972D3FE114DB09B700AAFBA9 /* SetElementValue.h in Headers */,
				972D3FE314DB09B700AAFBA9 /* Command.h in Headers */,
				972D3FE414DB09B700AAFBA9 /* Constants.h in Headers */,
				972D3FE714DB09B700AAFBA9 /* GetElementValue.h in Headers */,
				972D3FE814DB09B700AAFBA9 /* DoAction.h in Headers */,
				972D3FEB14DB09B700AAFBA9 /* UIServiceAssistant.h in Headers */,
				972D3FED14DB09B700AAFBA9 /* TAFUIEngine.h in Headers */,
				972D3FEF14DB09B700AAFBA9 /* UIElement.h in Headers */,
				972D3FF014DB09B700AAFBA9 /* UIXPath.h in Headers */,
				972D3FF214DB09B700AAFBA9 /* UITree.h in Headers */,
				972D3FF414DB09B700AAFBA9 /* SFLogger.h in Headers */,
				972D3FF614DB09B700AAFBA9 /* TakeScreenshot.h in Headers */,
				972D3FF814DB09B700AAFBA9 /* DescribeCommand.h in Headers */,
				972D3FFA14DB09B700AAFBA9 /* GetElement.h in Headers */,
				972D3FFC14DB09B700AAFBA9 /* TAFValidator.h in Headers */,
				972D3FFE14DB09B700AAFBA9 /* PingServer.h in Headers */,
			);
			runOnlyForDeploymentPostprocessing = 0;
		};
/* End PBXHeadersBuildPhase section */

/* Begin PBXNativeTarget section */
		972D3F2014DB08C400AAFBA9 /* Frank */ = {
			isa = PBXNativeTarget;
			buildConfigurationList = 972D3F4314DB08C400AAFBA9 /* Build configuration list for PBXNativeTarget "Frank" */;
			buildPhases = (
				972D3F1D14DB08C400AAFBA9 /* Sources */,
				972D3F1E14DB08C400AAFBA9 /* Frameworks */,
				972D3F1F14DB08C400AAFBA9 /* Headers */,
			);
			buildRules = (
			);
			dependencies = (
			);
			name = Frank;
			productName = Frank;
			productReference = 972D3F2114DB08C400AAFBA9 /* libFrank.a */;
			productType = "com.apple.product-type.library.static";
		};
		972D3F3014DB08C400AAFBA9 /* FrankTests */ = {
			isa = PBXNativeTarget;
			buildConfigurationList = 972D3F4614DB08C400AAFBA9 /* Build configuration list for PBXNativeTarget "FrankTests" */;
			buildPhases = (
				972D3F2C14DB08C400AAFBA9 /* Sources */,
				972D3F2D14DB08C400AAFBA9 /* Frameworks */,
				972D3F2E14DB08C400AAFBA9 /* Resources */,
				972D3F2F14DB08C400AAFBA9 /* ShellScript */,
			);
			buildRules = (
			);
			dependencies = (
				972D3F3814DB08C400AAFBA9 /* PBXTargetDependency */,
			);
			name = FrankTests;
			productName = FrankTests;
			productReference = 972D3F3114DB08C400AAFBA9 /* FrankTests.octest */;
			productType = "com.apple.product-type.bundle";
		};
/* End PBXNativeTarget section */

/* Begin PBXProject section */
		972D3F1614DB077A00AAFBA9 /* Project object */ = {
			isa = PBXProject;
			attributes = {
				LastUpgradeCheck = 0420;
			};
			buildConfigurationList = 972D3F1914DB077A00AAFBA9 /* Build configuration list for PBXProject "RedesignedFrank" */;
			compatibilityVersion = "Xcode 3.2";
			developmentRegion = English;
			hasScannedForEncodings = 0;
			knownRegions = (
				en,
			);
			mainGroup = 972D3F1414DB077A00AAFBA9;
			productRefGroup = 972D3F2214DB08C400AAFBA9 /* Products */;
			projectDirPath = "";
			projectRoot = "";
			targets = (
				972D3F2014DB08C400AAFBA9 /* Frank */,
				972D3F3014DB08C400AAFBA9 /* FrankTests */,
			);
		};
/* End PBXProject section */

/* Begin PBXResourcesBuildPhase section */
		972D3F2E14DB08C400AAFBA9 /* Resources */ = {
			isa = PBXResourcesBuildPhase;
			buildActionMask = 2147483647;
			files = (
				972D3F3F14DB08C400AAFBA9 /* InfoPlist.strings in Resources */,
			);
			runOnlyForDeploymentPostprocessing = 0;
		};
/* End PBXResourcesBuildPhase section */

/* Begin PBXShellScriptBuildPhase section */
		972D3F2F14DB08C400AAFBA9 /* ShellScript */ = {
			isa = PBXShellScriptBuildPhase;
			buildActionMask = 2147483647;
			files = (
			);
			inputPaths = (
			);
			outputPaths = (
			);
			runOnlyForDeploymentPostprocessing = 0;
			shellPath = /bin/sh;
			shellScript = "# Run the unit tests in this test bundle.\n\"${SYSTEM_DEVELOPER_DIR}/Tools/RunUnitTests\"\n";
		};
/* End PBXShellScriptBuildPhase section */

/* Begin PBXSourcesBuildPhase section */
		972D3F1D14DB08C400AAFBA9 /* Sources */ = {
			isa = PBXSourcesBuildPhase;
			buildActionMask = 2147483647;
			files = (
				972D3F6F14DB096900AAFBA9 /* AsyncSocket.m in Sources */,
				972D3F7114DB096900AAFBA9 /* DDData.m in Sources */,
				972D3F7314DB096900AAFBA9 /* DDNumber.m in Sources */,
				972D3F7514DB096900AAFBA9 /* DDRange.m in Sources */,
				972D3F7714DB096900AAFBA9 /* HTTPAuthenticationRequest.m in Sources */,
				972D3F7914DB096900AAFBA9 /* HTTPConnection.m in Sources */,
				972D3F7B14DB096900AAFBA9 /* HTTPResponse.m in Sources */,
				972D3F7D14DB096900AAFBA9 /* HTTPServer.m in Sources */,
				972D3F7F14DB096900AAFBA9 /* MyHTTPConnection.m in Sources */,
				972D3F8214DB096900AAFBA9 /* NSObject+SBJSON.m in Sources */,
				972D3F8414DB096900AAFBA9 /* NSString+SBJSON.m in Sources */,
				972D3F8614DB096900AAFBA9 /* SBJSON.m in Sources */,
				972D3F8814DB096900AAFBA9 /* SBJsonBase.m in Sources */,
				972D3F8A14DB096900AAFBA9 /* SBJsonParser.m in Sources */,
				972D3F8C14DB096900AAFBA9 /* SBJsonWriter.m in Sources */,
				972D3FC814DB09B700AAFBA9 /* DumpCommand.m in Sources */,
				972D3FCA14DB09B700AAFBA9 /* FrankCommandRoute.m in Sources */,
				972D3FCC14DB09B700AAFBA9 /* FrankServer.m in Sources */,
				972D3FCE14DB09B700AAFBA9 /* RequestRouter.m in Sources */,
				972D3FD014DB09B700AAFBA9 /* RoutingHTTPConnection.m in Sources */,
				972D3FD214DB09B700AAFBA9 /* MemoryWarningCommand.m in Sources */,
				972D3FD414DB09B700AAFBA9 /* StaticResourcesRoute.m in Sources */,
				972D3FD614DB09B700AAFBA9 /* TestCommand.m in Sources */,
				972D3FD814DB09B700AAFBA9 /* RunScript.m in Sources */,
				972D3FDA14DB09B700AAFBA9 /* FlashCommand.m in Sources */,
				972D3FDC14DB09B700AAFBA9 /* TAFFilter.m in Sources */,
				972D3FDE14DB09B700AAFBA9 /* TAFParser.m in Sources */,
				972D3FE014DB09B700AAFBA9 /* CommandExecutor.m in Sources */,
				972D3FE214DB09B700AAFBA9 /* SetElementValue.m in Sources */,
				972D3FE514DB09B700AAFBA9 /* Constants.m in Sources */,
				972D3FE614DB09B700AAFBA9 /* GetElementValue.m in Sources */,
				972D3FE914DB09B700AAFBA9 /* DoAction.m in Sources */,
				972D3FEA14DB09B700AAFBA9 /* UIElement.m in Sources */,
				972D3FEC14DB09B700AAFBA9 /* UIServiceAssistant.m in Sources */,
				972D3FEE14DB09B700AAFBA9 /* TAFUIEngine.m in Sources */,
				972D3FF114DB09B700AAFBA9 /* UIXPath.m in Sources */,
				972D3FF314DB09B700AAFBA9 /* UITree.m in Sources */,
				972D3FF514DB09B700AAFBA9 /* SFLogger.m in Sources */,
				972D3FF714DB09B700AAFBA9 /* TakeScreenshot.m in Sources */,
				972D3FF914DB09B700AAFBA9 /* DescribeCommand.m in Sources */,
				972D3FFB14DB09B700AAFBA9 /* GetElement.m in Sources */,
				972D3FFD14DB09B700AAFBA9 /* TAFValidator.m in Sources */,
				972D3FFF14DB09B700AAFBA9 /* PingServer.m in Sources */,
			);
			runOnlyForDeploymentPostprocessing = 0;
		};
		972D3F2C14DB08C400AAFBA9 /* Sources */ = {
			isa = PBXSourcesBuildPhase;
			buildActionMask = 2147483647;
			files = (
				972D3F4214DB08C400AAFBA9 /* FrankTests.m in Sources */,
			);
			runOnlyForDeploymentPostprocessing = 0;
		};
/* End PBXSourcesBuildPhase section */

/* Begin PBXTargetDependency section */
		972D3F3814DB08C400AAFBA9 /* PBXTargetDependency */ = {
			isa = PBXTargetDependency;
			target = 972D3F2014DB08C400AAFBA9 /* Frank */;
			targetProxy = 972D3F3714DB08C400AAFBA9 /* PBXContainerItemProxy */;
		};
/* End PBXTargetDependency section */

/* Begin PBXVariantGroup section */
		972D3F3D14DB08C400AAFBA9 /* InfoPlist.strings */ = {
			isa = PBXVariantGroup;
			children = (
				972D3F3E14DB08C400AAFBA9 /* en */,
			);
			name = InfoPlist.strings;
			sourceTree = "<group>";
		};
/* End PBXVariantGroup section */

/* Begin XCBuildConfiguration section */
		972D3F1B14DB077A00AAFBA9 /* Debug */ = {
			isa = XCBuildConfiguration;
			buildSettings = {
				SDKROOT = iphoneos;
			};
			name = Debug;
		};
		972D3F1C14DB077A00AAFBA9 /* Release */ = {
			isa = XCBuildConfiguration;
			buildSettings = {
				SDKROOT = iphoneos;
			};
			name = Release;
		};
		972D3F4414DB08C400AAFBA9 /* Debug */ = {
			isa = XCBuildConfiguration;
			buildSettings = {
				ALWAYS_SEARCH_USER_PATHS = NO;
				ARCHS = "$(ARCHS_STANDARD_32_BIT)";
				CLANG_ENABLE_OBJC_ARC = NO;
				CODE_SIGN_IDENTITY = "";
				COPY_PHASE_STRIP = NO;
				DSTROOT = /tmp/Frank.dst;
				GCC_C_LANGUAGE_STANDARD = gnu99;
				GCC_DYNAMIC_NO_PIC = NO;
				GCC_OPTIMIZATION_LEVEL = 0;
				GCC_PRECOMPILE_PREFIX_HEADER = YES;
				GCC_PREFIX_HEADER = "Frank/Frank-Prefix.pch";
				GCC_PREPROCESSOR_DEFINITIONS = (
					"DEBUG=1",
					"$(inherited)",
				);
				GCC_SYMBOLS_PRIVATE_EXTERN = NO;
				GCC_VERSION = com.apple.compilers.llvm.clang.1_0;
				GCC_WARN_ABOUT_MISSING_PROTOTYPES = YES;
				GCC_WARN_ABOUT_RETURN_TYPE = YES;
				GCC_WARN_UNUSED_VARIABLE = YES;
				IPHONEOS_DEPLOYMENT_TARGET = 5.0;
				OTHER_LDFLAGS = "-ObjC";
				PRODUCT_NAME = "$(TARGET_NAME)";
				SDKROOT = iphoneos;
				SKIP_INSTALL = YES;
			};
			name = Debug;
		};
		972D3F4514DB08C400AAFBA9 /* Release */ = {
			isa = XCBuildConfiguration;
			buildSettings = {
				ALWAYS_SEARCH_USER_PATHS = NO;
				ARCHS = "$(ARCHS_STANDARD_32_BIT)";
				CLANG_ENABLE_OBJC_ARC = NO;
				CODE_SIGN_IDENTITY = "";
				COPY_PHASE_STRIP = YES;
				DSTROOT = /tmp/Frank.dst;
				GCC_C_LANGUAGE_STANDARD = gnu99;
				GCC_PRECOMPILE_PREFIX_HEADER = YES;
				GCC_PREFIX_HEADER = "Frank/Frank-Prefix.pch";
				GCC_VERSION = com.apple.compilers.llvm.clang.1_0;
				GCC_WARN_ABOUT_MISSING_PROTOTYPES = YES;
				GCC_WARN_ABOUT_RETURN_TYPE = YES;
				GCC_WARN_UNUSED_VARIABLE = YES;
				IPHONEOS_DEPLOYMENT_TARGET = 5.0;
				OTHER_LDFLAGS = "-ObjC";
				PRODUCT_NAME = "$(TARGET_NAME)";
				SDKROOT = iphoneos;
				SKIP_INSTALL = YES;
				VALIDATE_PRODUCT = YES;
			};
			name = Release;
		};
		972D3F4714DB08C400AAFBA9 /* Debug */ = {
			isa = XCBuildConfiguration;
			buildSettings = {
				ALWAYS_SEARCH_USER_PATHS = NO;
				ARCHS = "$(ARCHS_STANDARD_32_BIT)";
				CLANG_ENABLE_OBJC_ARC = YES;
				COPY_PHASE_STRIP = NO;
				FRAMEWORK_SEARCH_PATHS = (
					"$(SDKROOT)/Developer/Library/Frameworks",
					"$(DEVELOPER_LIBRARY_DIR)/Frameworks",
				);
				GCC_C_LANGUAGE_STANDARD = gnu99;
				GCC_DYNAMIC_NO_PIC = NO;
				GCC_OPTIMIZATION_LEVEL = 0;
				GCC_PRECOMPILE_PREFIX_HEADER = YES;
				GCC_PREFIX_HEADER = "Frank/Frank-Prefix.pch";
				GCC_PREPROCESSOR_DEFINITIONS = (
					"DEBUG=1",
					"$(inherited)",
				);
				GCC_SYMBOLS_PRIVATE_EXTERN = NO;
				GCC_VERSION = com.apple.compilers.llvm.clang.1_0;
				GCC_WARN_ABOUT_MISSING_PROTOTYPES = YES;
				GCC_WARN_ABOUT_RETURN_TYPE = YES;
				GCC_WARN_UNUSED_VARIABLE = YES;
				INFOPLIST_FILE = "FrankTests/FrankTests-Info.plist";
				IPHONEOS_DEPLOYMENT_TARGET = 5.0;
				PRODUCT_NAME = "$(TARGET_NAME)";
				SDKROOT = iphoneos;
				WRAPPER_EXTENSION = octest;
			};
			name = Debug;
		};
		972D3F4814DB08C400AAFBA9 /* Release */ = {
			isa = XCBuildConfiguration;
			buildSettings = {
				ALWAYS_SEARCH_USER_PATHS = NO;
				ARCHS = "$(ARCHS_STANDARD_32_BIT)";
				CLANG_ENABLE_OBJC_ARC = YES;
				COPY_PHASE_STRIP = YES;
				FRAMEWORK_SEARCH_PATHS = (
					"$(SDKROOT)/Developer/Library/Frameworks",
					"$(DEVELOPER_LIBRARY_DIR)/Frameworks",
				);
				GCC_C_LANGUAGE_STANDARD = gnu99;
				GCC_PRECOMPILE_PREFIX_HEADER = YES;
				GCC_PREFIX_HEADER = "Frank/Frank-Prefix.pch";
				GCC_VERSION = com.apple.compilers.llvm.clang.1_0;
				GCC_WARN_ABOUT_MISSING_PROTOTYPES = YES;
				GCC_WARN_ABOUT_RETURN_TYPE = YES;
				GCC_WARN_UNUSED_VARIABLE = YES;
				INFOPLIST_FILE = "FrankTests/FrankTests-Info.plist";
				IPHONEOS_DEPLOYMENT_TARGET = 5.0;
				PRODUCT_NAME = "$(TARGET_NAME)";
				SDKROOT = iphoneos;
				VALIDATE_PRODUCT = YES;
				WRAPPER_EXTENSION = octest;
			};
			name = Release;
		};
/* End XCBuildConfiguration section */

/* Begin XCConfigurationList section */
		972D3F1914DB077A00AAFBA9 /* Build configuration list for PBXProject "RedesignedFrank" */ = {
			isa = XCConfigurationList;
			buildConfigurations = (
				972D3F1B14DB077A00AAFBA9 /* Debug */,
				972D3F1C14DB077A00AAFBA9 /* Release */,
			);
			defaultConfigurationIsVisible = 0;
			defaultConfigurationName = Release;
		};
		972D3F4314DB08C400AAFBA9 /* Build configuration list for PBXNativeTarget "Frank" */ = {
			isa = XCConfigurationList;
			buildConfigurations = (
				972D3F4414DB08C400AAFBA9 /* Debug */,
				972D3F4514DB08C400AAFBA9 /* Release */,
			);
			defaultConfigurationIsVisible = 0;
			defaultConfigurationName = Release;
		};
		972D3F4614DB08C400AAFBA9 /* Build configuration list for PBXNativeTarget "FrankTests" */ = {
			isa = XCConfigurationList;
			buildConfigurations = (
				972D3F4714DB08C400AAFBA9 /* Debug */,
				972D3F4814DB08C400AAFBA9 /* Release */,
			);
			defaultConfigurationIsVisible = 0;
			defaultConfigurationName = Release;
		};
/* End XCConfigurationList section */
	};
	rootObject = 972D3F1614DB077A00AAFBA9 /* Project object */;
}
